// !$*UTF8*$!
{
	archiveVersion = 1;
	classes = {
	};
	objectVersion = 48;
	objects = {

/* Begin PBXBuildFile section */
		6526639C2007DC610059B5BD /* AppDelegate.swift in Sources */ = {isa = PBXBuildFile; fileRef = 6526639B2007DC610059B5BD /* AppDelegate.swift */; };
		6526639E2007DC610059B5BD /* WelcomeVC.swift in Sources */ = {isa = PBXBuildFile; fileRef = 6526639D2007DC610059B5BD /* WelcomeVC.swift */; };
		652663A12007DC610059B5BD /* Main.storyboard in Resources */ = {isa = PBXBuildFile; fileRef = 6526639F2007DC610059B5BD /* Main.storyboard */; };
		652663A32007DC610059B5BD /* Assets.xcassets in Resources */ = {isa = PBXBuildFile; fileRef = 652663A22007DC610059B5BD /* Assets.xcassets */; };
		652663A62007DC610059B5BD /* LaunchScreen.storyboard in Resources */ = {isa = PBXBuildFile; fileRef = 652663A42007DC610059B5BD /* LaunchScreen.storyboard */; };
		652663AF2007F4F60059B5BD /* BorderButton.swift in Sources */ = {isa = PBXBuildFile; fileRef = 652663AE2007F4F60059B5BD /* BorderButton.swift */; };
		652663B320090FEC0059B5BD /* LeagueVC.swift in Sources */ = {isa = PBXBuildFile; fileRef = 652663B220090FEC0059B5BD /* LeagueVC.swift */; };
		652663B520090FFE0059B5BD /* SkillVC.swift in Sources */ = {isa = PBXBuildFile; fileRef = 652663B420090FFE0059B5BD /* SkillVC.swift */; };
		652663B7200946470059B5BD /* Player.swift in Sources */ = {isa = PBXBuildFile; fileRef = 652663B6200946470059B5BD /* Player.swift */; };
/* End PBXBuildFile section */

/* Begin PBXFileReference section */
		652663982007DC610059B5BD /* swooosh.app */ = {isa = PBXFileReference; explicitFileType = wrapper.application; includeInIndex = 0; path = swooosh.app; sourceTree = BUILT_PRODUCTS_DIR; };
		6526639B2007DC610059B5BD /* AppDelegate.swift */ = {isa = PBXFileReference; lastKnownFileType = sourcecode.swift; path = AppDelegate.swift; sourceTree = "<group>"; };
		6526639D2007DC610059B5BD /* WelcomeVC.swift */ = {isa = PBXFileReference; lastKnownFileType = sourcecode.swift; path = WelcomeVC.swift; sourceTree = "<group>"; };
		652663A02007DC610059B5BD /* Base */ = {isa = PBXFileReference; lastKnownFileType = file.storyboard; name = Base; path = Base.lproj/Main.storyboard; sourceTree = "<group>"; };
		652663A22007DC610059B5BD /* Assets.xcassets */ = {isa = PBXFileReference; lastKnownFileType = folder.assetcatalog; path = Assets.xcassets; sourceTree = "<group>"; };
		652663A52007DC610059B5BD /* Base */ = {isa = PBXFileReference; lastKnownFileType = file.storyboard; name = Base; path = Base.lproj/LaunchScreen.storyboard; sourceTree = "<group>"; };
		652663A72007DC610059B5BD /* Info.plist */ = {isa = PBXFileReference; lastKnownFileType = text.plist.xml; path = Info.plist; sourceTree = "<group>"; };
		652663AE2007F4F60059B5BD /* BorderButton.swift */ = {isa = PBXFileReference; lastKnownFileType = sourcecode.swift; path = BorderButton.swift; sourceTree = "<group>"; };
		652663B220090FEC0059B5BD /* LeagueVC.swift */ = {isa = PBXFileReference; lastKnownFileType = sourcecode.swift; path = LeagueVC.swift; sourceTree = "<group>"; };
		652663B420090FFE0059B5BD /* SkillVC.swift */ = {isa = PBXFileReference; lastKnownFileType = sourcecode.swift; path = SkillVC.swift; sourceTree = "<group>"; };
		652663B6200946470059B5BD /* Player.swift */ = {isa = PBXFileReference; lastKnownFileType = sourcecode.swift; path = Player.swift; sourceTree = "<group>"; };
/* End PBXFileReference section */

/* Begin PBXFrameworksBuildPhase section */
		652663952007DC610059B5BD /* Frameworks */ = {
			isa = PBXFrameworksBuildPhase;
			buildActionMask = 2147483647;
			files = (
			);
			runOnlyForDeploymentPostprocessing = 0;
		};
/* End PBXFrameworksBuildPhase section */

/* Begin PBXGroup section */
		6526638F2007DC610059B5BD = {
			isa = PBXGroup;
			children = (
				6526639A2007DC610059B5BD /* swooosh */,
				652663992007DC610059B5BD /* Products */,
			);
			sourceTree = "<group>";
		};
		652663992007DC610059B5BD /* Products */ = {
			isa = PBXGroup;
			children = (
				652663982007DC610059B5BD /* swooosh.app */,
			);
			name = Products;
			sourceTree = "<group>";
		};
		6526639A2007DC610059B5BD /* swooosh */ = {
			isa = PBXGroup;
			children = (
				652663B120090F540059B5BD /* Model */,
				652663AD2007F4AA0059B5BD /* View */,
				652663B020090F3B0059B5BD /* Controller */,
				6526639B2007DC610059B5BD /* AppDelegate.swift */,
				6526639F2007DC610059B5BD /* Main.storyboard */,
				652663A22007DC610059B5BD /* Assets.xcassets */,
				652663A42007DC610059B5BD /* LaunchScreen.storyboard */,
				652663A72007DC610059B5BD /* Info.plist */,
			);
			path = swooosh;
			sourceTree = "<group>";
		};
		652663AD2007F4AA0059B5BD /* View */ = {
			isa = PBXGroup;
			children = (
				652663AE2007F4F60059B5BD /* BorderButton.swift */,
			);
			path = View;
			sourceTree = "<group>";
		};
		652663B020090F3B0059B5BD /* Controller */ = {
			isa = PBXGroup;
			children = (
				6526639D2007DC610059B5BD /* WelcomeVC.swift */,
				652663B220090FEC0059B5BD /* LeagueVC.swift */,
				652663B420090FFE0059B5BD /* SkillVC.swift */,
			);
			path = Controller;
			sourceTree = "<group>";
		};
		652663B120090F540059B5BD /* Model */ = {
			isa = PBXGroup;
			children = (
				652663B6200946470059B5BD /* Player.swift */,
			);
			path = Model;
			sourceTree = "<group>";
		};
/* End PBXGroup section */

/* Begin PBXNativeTarget section */
		652663972007DC610059B5BD /* swooosh */ = {
			isa = PBXNativeTarget;
			buildConfigurationList = 652663AA2007DC610059B5BD /* Build configuration list for PBXNativeTarget "swooosh" */;
			buildPhases = (
				652663942007DC610059B5BD /* Sources */,
				652663952007DC610059B5BD /* Frameworks */,
				652663962007DC610059B5BD /* Resources */,
			);
			buildRules = (
			);
			dependencies = (
			);
			name = swooosh;
			productName = swooosh;
			productReference = 652663982007DC610059B5BD /* swooosh.app */;
			productType = "com.apple.product-type.application";
		};
/* End PBXNativeTarget section */

/* Begin PBXProject section */
		652663902007DC610059B5BD /* Project object */ = {
			isa = PBXProject;
			attributes = {
				LastSwiftUpdateCheck = 0920;
				LastUpgradeCheck = 0920;
				ORGANIZATIONNAME = "David Boles";
				TargetAttributes = {
					652663972007DC610059B5BD = {
						CreatedOnToolsVersion = 9.2;
						ProvisioningStyle = Automatic;
					};
				};
			};
			buildConfigurationList = 652663932007DC610059B5BD /* Build configuration list for PBXProject "swooosh" */;
			compatibilityVersion = "Xcode 8.0";
			developmentRegion = en;
			hasScannedForEncodings = 0;
			knownRegions = (
				en,
				Base,
			);
			mainGroup = 6526638F2007DC610059B5BD;
			productRefGroup = 652663992007DC610059B5BD /* Products */;
			projectDirPath = "";
			projectRoot = "";
			targets = (
				652663972007DC610059B5BD /* swooosh */,
			);
		};
/* End PBXProject section */

/* Begin PBXResourcesBuildPhase section */
		652663962007DC610059B5BD /* Resources */ = {
			isa = PBXResourcesBuildPhase;
			buildActionMask = 2147483647;
			files = (
				652663A62007DC610059B5BD /* LaunchScreen.storyboard in Resources */,
				652663A32007DC610059B5BD /* Assets.xcassets in Resources */,
				652663A12007DC610059B5BD /* Main.storyboard in Resources */,
			);
			runOnlyForDeploymentPostprocessing = 0;
		};
/* End PBXResourcesBuildPhase section */

/* Begin PBXSourcesBuildPhase section */
		652663942007DC610059B5BD /* Sources */ = {
			isa = PBXSourcesBuildPhase;
			buildActionMask = 2147483647;
			files = (
				6526639E2007DC610059B5BD /* WelcomeVC.swift in Sources */,
				652663B320090FEC0059B5BD /* LeagueVC.swift in Sources */,
				6526639C2007DC610059B5BD /* AppDelegate.swift in Sources */,
				652663B520090FFE0059B5BD /* SkillVC.swift in Sources */,
				652663B7200946470059B5BD /* Player.swift in Sources */,
				652663AF2007F4F60059B5BD /* BorderButton.swift in Sources */,
			);
			runOnlyForDeploymentPostprocessing = 0;
		};
/* End PBXSourcesBuildPhase section */

/* Begin PBXVariantGroup section */
		6526639F2007DC610059B5BD /* Main.storyboard */ = {
			isa = PBXVariantGroup;
			children = (
				652663A02007DC610059B5BD /* Base */,
			);
			name = Main.storyboard;
			sourceTree = "<group>";
		};
		652663A42007DC610059B5BD /* LaunchScreen.storyboard */ = {
			isa = PBXVariantGroup;
			children = (
				652663A52007DC610059B5BD /* Base */,
			);
			name = LaunchScreen.storyboard;
			sourceTree = "<group>";
		};
/* End PBXVariantGroup section */

/* Begin XCBuildConfiguration section */
		652663A82007DC610059B5BD /* Debug */ = {
			isa = XCBuildConfiguration;
			buildSettings = {
				ALWAYS_SEARCH_USER_PATHS = NO;
				CLANG_ANALYZER_NONNULL = YES;
				CLANG_ANALYZER_NUMBER_OBJECT_CONVERSION = YES_AGGRESSIVE;
				CLANG_CXX_LANGUAGE_STANDARD = "gnu++14";
				CLANG_CXX_LIBRARY = "libc++";
				CLANG_ENABLE_MODULES = YES;
				CLANG_ENABLE_OBJC_ARC = YES;
				CLANG_WARN_BLOCK_CAPTURE_AUTORELEASING = YES;
				CLANG_WARN_BOOL_CONVERSION = YES;
				CLANG_WARN_COMMA = YES;
				CLANG_WARN_CONSTANT_CONVERSION = YES;
				CLANG_WARN_DIRECT_OBJC_ISA_USAGE = YES_ERROR;
				CLANG_WARN_DOCUMENTATION_COMMENTS = YES;
				CLANG_WARN_EMPTY_BODY = YES;
				CLANG_WARN_ENUM_CONVERSION = YES;
				CLANG_WARN_INFINITE_RECURSION = YES;
				CLANG_WARN_INT_CONVERSION = YES;
				CLANG_WARN_NON_LITERAL_NULL_CONVERSION = YES;
				CLANG_WARN_OBJC_LITERAL_CONVERSION = YES;
				CLANG_WARN_OBJC_ROOT_CLASS = YES_ERROR;
				CLANG_WARN_RANGE_LOOP_ANALYSIS = YES;
				CLANG_WARN_STRICT_PROTOTYPES = YES;
				CLANG_WARN_SUSPICIOUS_MOVE = YES;
				CLANG_WARN_UNGUARDED_AVAILABILITY = YES_AGGRESSIVE;
				CLANG_WARN_UNREACHABLE_CODE = YES;
				CLANG_WARN__DUPLICATE_METHOD_MATCH = YES;
				CODE_SIGN_IDENTITY = "iPhone Developer";
				COPY_PHASE_STRIP = NO;
				DEBUG_INFORMATION_FORMAT = dwarf;
				ENABLE_STRICT_OBJC_MSGSEND = YES;
				ENABLE_TESTABILITY = YES;
				GCC_C_LANGUAGE_STANDARD = gnu11;
				GCC_DYNAMIC_NO_PIC = NO;
				GCC_NO_COMMON_BLOCKS = YES;
				GCC_OPTIMIZATION_LEVEL = 0;
				GCC_PREPROCESSOR_DEFINITIONS = (
					"DEBUG=1",
					"$(inherited)",
				);
				GCC_WARN_64_TO_32_BIT_CONVERSION = YES;
				GCC_WARN_ABOUT_RETURN_TYPE = YES_ERROR;
				GCC_WARN_UNDECLARED_SELECTOR = YES;
				GCC_WARN_UNINITIALIZED_AUTOS = YES_AGGRESSIVE;
				GCC_WARN_UNUSED_FUNCTION = YES;
				GCC_WARN_UNUSED_VARIABLE = YES;
				IPHONEOS_DEPLOYMENT_TARGET = 11.2;
				MTL_ENABLE_DEBUG_INFO = YES;
				ONLY_ACTIVE_ARCH = YES;
				SDKROOT = iphoneos;
				SWIFT_ACTIVE_COMPILATION_CONDITIONS = DEBUG;
				SWIFT_OPTIMIZATION_LEVEL = "-Onone";
			};
			name = Debug;
		};
		652663A92007DC610059B5BD /* Release */ = {
			isa = XCBuildConfiguration;
			buildSettings = {
				ALWAYS_SEARCH_USER_PATHS = NO;
				CLANG_ANALYZER_NONNULL = YES;
				CLANG_ANALYZER_NUMBER_OBJECT_CONVERSION = YES_AGGRESSIVE;
				CLANG_CXX_LANGUAGE_STANDARD = "gnu++14";
				CLANG_CXX_LIBRARY = "libc++";
				CLANG_ENABLE_MODULES = YES;
				CLANG_ENABLE_OBJC_ARC = YES;
				CLANG_WARN_BLOCK_CAPTURE_AUTORELEASING = YES;
				CLANG_WARN_BOOL_CONVERSION = YES;
				CLANG_WARN_COMMA = YES;
				CLANG_WARN_CONSTANT_CONVERSION = YES;
				CLANG_WARN_DIRECT_OBJC_ISA_USAGE = YES_ERROR;
				CLANG_WARN_DOCUMENTATION_COMMENTS = YES;
				CLANG_WARN_EMPTY_BODY = YES;
				CLANG_WARN_ENUM_CONVERSION = YES;
				CLANG_WARN_INFINITE_RECURSION = YES;
				CLANG_WARN_INT_CONVERSION = YES;
				CLANG_WARN_NON_LITERAL_NULL_CONVERSION = YES;
				CLANG_WARN_OBJC_LITERAL_CONVERSION = YES;
				CLANG_WARN_OBJC_ROOT_CLASS = YES_ERROR;
				CLANG_WARN_RANGE_LOOP_ANALYSIS = YES;
				CLANG_WARN_STRICT_PROTOTYPES = YES;
				CLANG_WARN_SUSPICIOUS_MOVE = YES;
				CLANG_WARN_UNGUARDED_AVAILABILITY = YES_AGGRESSIVE;
				CLANG_WARN_UNREACHABLE_CODE = YES;
				CLANG_WARN__DUPLICATE_METHOD_MATCH = YES;
				CODE_SIGN_IDENTITY = "iPhone Developer";
				COPY_PHASE_STRIP = NO;
				DEBUG_INFORMATION_FORMAT = "dwarf-with-dsym";
				ENABLE_NS_ASSERTIONS = NO;
				ENABLE_STRICT_OBJC_MSGSEND = YES;
				GCC_C_LANGUAGE_STANDARD = gnu11;
				GCC_NO_COMMON_BLOCKS = YES;
				GCC_WARN_64_TO_32_BIT_CONVERSION = YES;
				GCC_WARN_ABOUT_RETURN_TYPE = YES_ERROR;
				GCC_WARN_UNDECLARED_SELECTOR = YES;
				GCC_WARN_UNINITIALIZED_AUTOS = YES_AGGRESSIVE;
				GCC_WARN_UNUSED_FUNCTION = YES;
				GCC_WARN_UNUSED_VARIABLE = YES;
				IPHONEOS_DEPLOYMENT_TARGET = 11.2;
				MTL_ENABLE_DEBUG_INFO = NO;
				SDKROOT = iphoneos;
				SWIFT_OPTIMIZATION_LEVEL = "-Owholemodule";
				VALIDATE_PRODUCT = YES;
			};
			name = Release;
		};
		652663AB2007DC610059B5BD /* Debug */ = {
			isa = XCBuildConfiguration;
			buildSettings = {
				ASSETCATALOG_COMPILER_APPICON_NAME = AppIcon;
				CODE_SIGN_STYLE = Automatic;
				DEVELOPMENT_TEAM = 92A3F59JUA;
				INFOPLIST_FILE = swooosh/Info.plist;
				LD_RUNPATH_SEARCH_PATHS = "$(inherited) @executable_path/Frameworks";
				PRODUCT_BUNDLE_IDENTIFIER = com.ciccio.swooosh;
				PRODUCT_NAME = "$(TARGET_NAME)";
				SWIFT_VERSION = 4.0;
				TARGETED_DEVICE_FAMILY = "1,2";
			};
			name = Debug;
		};
		652663AC2007DC610059B5BD /* Release */ = {
			isa = XCBuildConfiguration;
			buildSettings = {
				ASSETCATALOG_COMPILER_APPICON_NAME = AppIcon;
				CODE_SIGN_STYLE = Automatic;
				DEVELOPMENT_TEAM = 92A3F59JUA;
				INFOPLIST_FILE = swooosh/Info.plist;
				LD_RUNPATH_SEARCH_PATHS = "$(inherited) @executable_path/Frameworks";
				PRODUCT_BUNDLE_IDENTIFIER = com.ciccio.swooosh;
				PRODUCT_NAME = "$(TARGET_NAME)";
				SWIFT_VERSION = 4.0;
				TARGETED_DEVICE_FAMILY = "1,2";
			};
			name = Release;
		};
/* End XCBuildConfiguration section */

/* Begin XCConfigurationList section */
		652663932007DC610059B5BD /* Build configuration list for PBXProject "swooosh" */ = {
			isa = XCConfigurationList;
			buildConfigurations = (
				652663A82007DC610059B5BD /* Debug */,
				652663A92007DC610059B5BD /* Release */,
			);
			defaultConfigurationIsVisible = 0;
			defaultConfigurationName = Release;
		};
		652663AA2007DC610059B5BD /* Build configuration list for PBXNativeTarget "swooosh" */ = {
			isa = XCConfigurationList;
			buildConfigurations = (
				652663AB2007DC610059B5BD /* Debug */,
				652663AC2007DC610059B5BD /* Release */,
			);
			defaultConfigurationIsVisible = 0;
			defaultConfigurationName = Release;
		};
/* End XCConfigurationList section */
	};
	rootObject = 652663902007DC610059B5BD /* Project object */;
}
